PODS:
  - Alamofire (4.9.1)
  - AlamofireSwiftyJSON (1.0.2):
    - Alamofire (~> 4.0)
    - SwiftyJSON (~> 4.0)
  - SDWebImage (5.2.5):
    - SDWebImage/Core (= 5.2.5)
  - SDWebImage/Core (5.2.5)
  - SVProgressHUD (2.2.5)
  - SwiftyDrop (4.2.0)
  - SwiftyJSON (4.3.0)

DEPENDENCIES:
  - Alamofire
  - AlamofireSwiftyJSON
  - SDWebImage
  - SVProgressHUD
  - SwiftyDrop
  - SwiftyJSON

SPEC REPOS:
  trunk:
    - Alamofire
    - AlamofireSwiftyJSON
    - SDWebImage
    - SVProgressHUD
    - SwiftyDrop
    - SwiftyJSON

SPEC CHECKSUMS:
  Alamofire: 85e8a02c69d6020a0d734f6054870d7ecb75cf18
  AlamofireSwiftyJSON: 74ee3804bed06d07857daf1eeb1615c85dba3997
  SDWebImage: 4eabf2fa6695c95c47724214417a9c036c965e4a
  SVProgressHUD: 1428aafac632c1f86f62aa4243ec12008d7a51d6
  SwiftyDrop: c5b306082dfbd7d6b9c1e569dcdd2ab13306e552
  SwiftyJSON: 6faa0040f8b59dead0ee07436cbf76b73c08fd08

PODFILE CHECKSUM: 6288114953af5e1d993c93beb3d6b2139ad58fd3

COCOAPODS: 1.8.3
